
Microsoft Visual Studio Solution File, Format Version 12.00
# Visual Studio Version 16
VisualStudioVersion = 16.0.31729.503
MinimumVisualStudioVersion = 10.0.40219.1
Project("{FAE04EC0-301F-11D3-BF4B-00C04F79EFBC}") = "MethodOverload.cs", "MethodOverload.cs\MethodOverload.cs.csproj", "{54D6A65C-8FB4-4934-A60C-AA54CA588A01}"
EndProject
Global
	GlobalSection(SolutionConfigurationPlatforms) = preSolution
		Debug|Any CPU = Debug|Any CPU
		Release|Any CPU = Release|Any CPU
	EndGlobalSection
	GlobalSection(ProjectConfigurationPlatforms) = postSolution
		{54D6A65C-8FB4-4934-A60C-AA54CA588A01}.Debug|Any CPU.ActiveCfg = Debug|Any CPU
		{54D6A65C-8FB4-4934-A60C-AA54CA588A01}.Debug|Any CPU.Build.0 = Debug|Any CPU
		{54D6A65C-8FB4-4934-A60C-AA54CA588A01}.Release|Any CPU.ActiveCfg = Release|Any CPU
		{54D6A65C-8FB4-4934-A60C-AA54CA588A01}.Release|Any CPU.Build.0 = Release|Any CPU
	EndGlobalSection
	GlobalSection(SolutionProperties) = preSolution
		HideSolutionNode = FALSE
	EndGlobalSection
	GlobalSection(ExtensibilityGlobals) = postSolution
		SolutionGuid = {4BD27B74-F528-459A-A8E2-B0603C6D9997}
	EndGlobalSection
EndGlobal
