
Microsoft Visual Studio Solution File, Format Version 12.00
# Visual Studio Version 16
VisualStudioVersion = 16.0.31729.503
MinimumVisualStudioVersion = 10.0.40219.1
Project("{FAE04EC0-301F-11D3-BF4B-00C04F79EFBC}") = "MethodAssignment.cs", "MethodAssignment.cs\MethodAssignment.cs.csproj", "{A1D79AD1-0B67-4806-A9DF-D6C7435C31B7}"
EndProject
Global
	GlobalSection(SolutionConfigurationPlatforms) = preSolution
		Debug|Any CPU = Debug|Any CPU
		Release|Any CPU = Release|Any CPU
	EndGlobalSection
	GlobalSection(ProjectConfigurationPlatforms) = postSolution
		{A1D79AD1-0B67-4806-A9DF-D6C7435C31B7}.Debug|Any CPU.ActiveCfg = Debug|Any CPU
		{A1D79AD1-0B67-4806-A9DF-D6C7435C31B7}.Debug|Any CPU.Build.0 = Debug|Any CPU
		{A1D79AD1-0B67-4806-A9DF-D6C7435C31B7}.Release|Any CPU.ActiveCfg = Release|Any CPU
		{A1D79AD1-0B67-4806-A9DF-D6C7435C31B7}.Release|Any CPU.Build.0 = Release|Any CPU
	EndGlobalSection
	GlobalSection(SolutionProperties) = preSolution
		HideSolutionNode = FALSE
	EndGlobalSection
	GlobalSection(ExtensibilityGlobals) = postSolution
		SolutionGuid = {DC446BA6-12C5-4F6B-9C76-74F02CEB9F5E}
	EndGlobalSection
EndGlobal
