
Microsoft Visual Studio Solution File, Format Version 12.00
# Visual Studio Version 16
VisualStudioVersion = 16.0.31729.503
MinimumVisualStudioVersion = 10.0.40219.1
Project("{FAE04EC0-301F-11D3-BF4B-00C04F79EFBC}") = "Acme_Accounting.cs", "Acme_Accounting.cs\Acme_Accounting.cs.csproj", "{D0F60D59-7EDD-485E-9690-DFC0A8AF183A}"
EndProject
Global
	GlobalSection(SolutionConfigurationPlatforms) = preSolution
		Debug|Any CPU = Debug|Any CPU
		Release|Any CPU = Release|Any CPU
	EndGlobalSection
	GlobalSection(ProjectConfigurationPlatforms) = postSolution
		{D0F60D59-7EDD-485E-9690-DFC0A8AF183A}.Debug|Any CPU.ActiveCfg = Debug|Any CPU
		{D0F60D59-7EDD-485E-9690-DFC0A8AF183A}.Debug|Any CPU.Build.0 = Debug|Any CPU
		{D0F60D59-7EDD-485E-9690-DFC0A8AF183A}.Release|Any CPU.ActiveCfg = Release|Any CPU
		{D0F60D59-7EDD-485E-9690-DFC0A8AF183A}.Release|Any CPU.Build.0 = Release|Any CPU
	EndGlobalSection
	GlobalSection(SolutionProperties) = preSolution
		HideSolutionNode = FALSE
	EndGlobalSection
	GlobalSection(ExtensibilityGlobals) = postSolution
		SolutionGuid = {89C9FB7C-4DF6-4946-9574-7B7C530F3D70}
	EndGlobalSection
EndGlobal
