
Microsoft Visual Studio Solution File, Format Version 12.00
# Visual Studio Version 16
VisualStudioVersion = 16.0.31729.503
MinimumVisualStudioVersion = 10.0.40219.1
Project("{FAE04EC0-301F-11D3-BF4B-00C04F79EFBC}") = "ShippingQuote.cs", "ShippingQuote.cs\ShippingQuote.cs.csproj", "{16EAA82F-7EDC-467C-9639-91A1FED53DAE}"
EndProject
Global
	GlobalSection(SolutionConfigurationPlatforms) = preSolution
		Debug|Any CPU = Debug|Any CPU
		Release|Any CPU = Release|Any CPU
	EndGlobalSection
	GlobalSection(ProjectConfigurationPlatforms) = postSolution
		{16EAA82F-7EDC-467C-9639-91A1FED53DAE}.Debug|Any CPU.ActiveCfg = Debug|Any CPU
		{16EAA82F-7EDC-467C-9639-91A1FED53DAE}.Debug|Any CPU.Build.0 = Debug|Any CPU
		{16EAA82F-7EDC-467C-9639-91A1FED53DAE}.Release|Any CPU.ActiveCfg = Release|Any CPU
		{16EAA82F-7EDC-467C-9639-91A1FED53DAE}.Release|Any CPU.Build.0 = Release|Any CPU
	EndGlobalSection
	GlobalSection(SolutionProperties) = preSolution
		HideSolutionNode = FALSE
	EndGlobalSection
	GlobalSection(ExtensibilityGlobals) = postSolution
		SolutionGuid = {C5DCB557-AE97-4241-A282-04427AE461B1}
	EndGlobalSection
EndGlobal
