
Microsoft Visual Studio Solution File, Format Version 12.00
# Visual Studio Version 16
VisualStudioVersion = 16.0.31829.152
MinimumVisualStudioVersion = 10.0.40219.1
Project("{FAE04EC0-301F-11D3-BF4B-00C04F79EFBC}") = "CodeFirstChallenge", "CodeFirstChallenge\CodeFirstChallenge.csproj", "{5701F4AC-0A1F-49DE-B3B7-6D540E7B7E38}"
EndProject
Global
	GlobalSection(SolutionConfigurationPlatforms) = preSolution
		Debug|Any CPU = Debug|Any CPU
		Release|Any CPU = Release|Any CPU
	EndGlobalSection
	GlobalSection(ProjectConfigurationPlatforms) = postSolution
		{5701F4AC-0A1F-49DE-B3B7-6D540E7B7E38}.Debug|Any CPU.ActiveCfg = Debug|Any CPU
		{5701F4AC-0A1F-49DE-B3B7-6D540E7B7E38}.Debug|Any CPU.Build.0 = Debug|Any CPU
		{5701F4AC-0A1F-49DE-B3B7-6D540E7B7E38}.Release|Any CPU.ActiveCfg = Release|Any CPU
		{5701F4AC-0A1F-49DE-B3B7-6D540E7B7E38}.Release|Any CPU.Build.0 = Release|Any CPU
	EndGlobalSection
	GlobalSection(SolutionProperties) = preSolution
		HideSolutionNode = FALSE
	EndGlobalSection
	GlobalSection(ExtensibilityGlobals) = postSolution
		SolutionGuid = {205D591C-7BD9-435B-9343-A70D6100A2B1}
	EndGlobalSection
EndGlobal
