
Microsoft Visual Studio Solution File, Format Version 12.00
# Visual Studio Version 16
VisualStudioVersion = 16.0.31729.503
MinimumVisualStudioVersion = 10.0.40219.1
Project("{FAE04EC0-301F-11D3-BF4B-00C04F79EFBC}") = "ClassAssignment.cs", "ClassAssignment.cs\ClassAssignment.cs.csproj", "{DCDD03EB-C4E5-4EEA-AD00-D6A8DECE810F}"
EndProject
Global
	GlobalSection(SolutionConfigurationPlatforms) = preSolution
		Debug|Any CPU = Debug|Any CPU
		Release|Any CPU = Release|Any CPU
	EndGlobalSection
	GlobalSection(ProjectConfigurationPlatforms) = postSolution
		{DCDD03EB-C4E5-4EEA-AD00-D6A8DECE810F}.Debug|Any CPU.ActiveCfg = Debug|Any CPU
		{DCDD03EB-C4E5-4EEA-AD00-D6A8DECE810F}.Debug|Any CPU.Build.0 = Debug|Any CPU
		{DCDD03EB-C4E5-4EEA-AD00-D6A8DECE810F}.Release|Any CPU.ActiveCfg = Release|Any CPU
		{DCDD03EB-C4E5-4EEA-AD00-D6A8DECE810F}.Release|Any CPU.Build.0 = Release|Any CPU
	EndGlobalSection
	GlobalSection(SolutionProperties) = preSolution
		HideSolutionNode = FALSE
	EndGlobalSection
	GlobalSection(ExtensibilityGlobals) = postSolution
		SolutionGuid = {0C5DA65C-A193-4AEE-8AF4-BD0E7004A0DF}
	EndGlobalSection
EndGlobal
