
Microsoft Visual Studio Solution File, Format Version 12.00
# Visual Studio Version 16
VisualStudioVersion = 16.0.31729.503
MinimumVisualStudioVersion = 10.0.40219.1
Project("{FAE04EC0-301F-11D3-BF4B-00C04F79EFBC}") = "ParsingEnums.cs", "ParsingEnums.cs\ParsingEnums.cs.csproj", "{EFF966FE-973C-40AA-8B7D-E637DDE02308}"
EndProject
Global
	GlobalSection(SolutionConfigurationPlatforms) = preSolution
		Debug|Any CPU = Debug|Any CPU
		Release|Any CPU = Release|Any CPU
	EndGlobalSection
	GlobalSection(ProjectConfigurationPlatforms) = postSolution
		{EFF966FE-973C-40AA-8B7D-E637DDE02308}.Debug|Any CPU.ActiveCfg = Debug|Any CPU
		{EFF966FE-973C-40AA-8B7D-E637DDE02308}.Debug|Any CPU.Build.0 = Debug|Any CPU
		{EFF966FE-973C-40AA-8B7D-E637DDE02308}.Release|Any CPU.ActiveCfg = Release|Any CPU
		{EFF966FE-973C-40AA-8B7D-E637DDE02308}.Release|Any CPU.Build.0 = Release|Any CPU
	EndGlobalSection
	GlobalSection(SolutionProperties) = preSolution
		HideSolutionNode = FALSE
	EndGlobalSection
	GlobalSection(ExtensibilityGlobals) = postSolution
		SolutionGuid = {7A78761A-2E66-416A-92CA-62831DDCDA30}
	EndGlobalSection
EndGlobal
